
Microsoft Visual Studio Solution File, Format Version 12.00
# Visual Studio Version 17
VisualStudioVersion = 17.8.34004.107
MinimumVisualStudioVersion = 10.0.40219.1
Project("{9A19103F-16F7-4668-BE54-9A1E7A4F7556}") = "CodePuliseAPI", "CodePuliseAPI\CodePuliseAPI.csproj", "{74ED6330-74F2-4CA9-9CB6-A1F1F4DFC3BC}"
EndProject
Project("{2150E333-8FDC-42A3-9474-1A3956D46DE8}") = "NewFolder1", "NewFolder1", "{DC33EADD-CD80-4FC6-963F-98829B51FFA5}"
EndProject
Global
	GlobalSection(SolutionConfigurationPlatforms) = preSolution
		Debug|Any CPU = Debug|Any CPU
		Release|Any CPU = Release|Any CPU
	EndGlobalSection
	GlobalSection(ProjectConfigurationPlatforms) = postSolution
		{74ED6330-74F2-4CA9-9CB6-A1F1F4DFC3BC}.Debug|Any CPU.ActiveCfg = Debug|Any CPU
		{74ED6330-74F2-4CA9-9CB6-A1F1F4DFC3BC}.Debug|Any CPU.Build.0 = Debug|Any CPU
		{74ED6330-74F2-4CA9-9CB6-A1F1F4DFC3BC}.Release|Any CPU.ActiveCfg = Release|Any CPU
		{74ED6330-74F2-4CA9-9CB6-A1F1F4DFC3BC}.Release|Any CPU.Build.0 = Release|Any CPU
	EndGlobalSection
	GlobalSection(SolutionProperties) = preSolution
		HideSolutionNode = FALSE
	EndGlobalSection
	GlobalSection(ExtensibilityGlobals) = postSolution
		SolutionGuid = {3CDFCAFE-A0C6-4ED2-ABCA-3E9EDD4A566B}
	EndGlobalSection
EndGlobal
